
Microsoft Visual Studio Solution File, Format Version 12.00
# Visual Studio Version 16
VisualStudioVersion = 16.0.29509.3
MinimumVisualStudioVersion = 10.0.40219.1
Project("{FAE04EC0-301F-11D3-BF4B-00C04F79EFBC}") = "WorkerOpl", "WorkerOpl.csproj", "{A43333BB-6202-4BFD-914A-157A65E25F61}"
EndProject
Global
	GlobalSection(SolutionConfigurationPlatforms) = preSolution
		Debug|Any CPU = Debug|Any CPU
		Release|Any CPU = Release|Any CPU
	EndGlobalSection
	GlobalSection(ProjectConfigurationPlatforms) = postSolution
		{A43333BB-6202-4BFD-914A-157A65E25F61}.Debug|Any CPU.ActiveCfg = Debug|Any CPU
		{A43333BB-6202-4BFD-914A-157A65E25F61}.Debug|Any CPU.Build.0 = Debug|Any CPU
		{A43333BB-6202-4BFD-914A-157A65E25F61}.Release|Any CPU.ActiveCfg = Release|Any CPU
		{A43333BB-6202-4BFD-914A-157A65E25F61}.Release|Any CPU.Build.0 = Release|Any CPU
	EndGlobalSection
	GlobalSection(SolutionProperties) = preSolution
		HideSolutionNode = FALSE
	EndGlobalSection
	GlobalSection(ExtensibilityGlobals) = postSolution
		SolutionGuid = {2BF58778-EB3C-47D7-8CB0-B48BA821C0A9}
	EndGlobalSection
EndGlobal
